# Generated by move; do not edit
# This file should be checked in.

[move]
version = 4

[pinned.testnet.MoveStdlib]
source = { git = "https://github.com/MystenLabs/sui.git", subdir = "crates/sui-framework/packages/move-stdlib", rev = "718ae563a42fb4ba0d055588f81c704dcef58c25" }
use_environment = "testnet"
manifest_digest = "C4FE4C91DE74CBF223B2E380AE40F592177D21870DC2D7EB6227D2D694E05363"
deps = {}

[pinned.testnet.MoveStdlib_1]
source = { git = "https://github.com/MystenLabs/sui.git", subdir = "crates/sui-framework/packages/move-stdlib", rev = "041c5f2bae2fe52079e44b70514333532d69f4e6" }
use_environment = "testnet"
manifest_digest = "C4FE4C91DE74CBF223B2E380AE40F592177D21870DC2D7EB6227D2D694E05363"
deps = {}

[pinned.testnet.Pyth]
source = { git = "https://github.com/pyth-network/pyth-crosschain.git", subdir = "target_chains/sui/contracts", rev = "62c7a5bc0fc857ba6417ad780190552d4919ceca" }
use_environment = "testnet"
manifest_digest = "EE442EEB0E1F71B244DBB1E016B1D0D8F67061BDAFA606B6C86F093D15CA0755"
deps = { Sui = "Sui_1", Wormhole = "Wormhole" }

[pinned.testnet.Sui]
source = { git = "https://github.com/MystenLabs/sui.git", subdir = "crates/sui-framework/packages/sui-framework", rev = "718ae563a42fb4ba0d055588f81c704dcef58c25" }
use_environment = "testnet"
manifest_digest = "7AFB66695545775FBFBB2D3078ADFD084244D5002392E837FDE21D9EA1C6D01C"
deps = { MoveStdlib = "MoveStdlib" }

[pinned.testnet.Sui_1]
source = { git = "https://github.com/MystenLabs/sui.git", subdir = "crates/sui-framework/packages/sui-framework", rev = "041c5f2bae2fe52079e44b70514333532d69f4e6" }
use_environment = "testnet"
manifest_digest = "7AFB66695545775FBFBB2D3078ADFD084244D5002392E837FDE21D9EA1C6D01C"
deps = { MoveStdlib = "MoveStdlib_1" }

[pinned.testnet.Wormhole]
source = { git = "https://github.com/wormhole-foundation/wormhole.git", subdir = "sui/wormhole", rev = "1b1cb69e809e0e7081cf1bf9b2779c41c14fc7f0" }
use_environment = "testnet"
manifest_digest = "6996F1AB8CD448FFBA142C085C488FE8A46B485E61E38A1891EFA52B30D9C12E"
deps = { Sui = "Sui_1" }

[pinned.testnet.deepbook]
source = { local = "vendor/deepbook" }
use_environment = "testnet"
manifest_digest = "060AC3C74EE598A52B1C9D8D9A9A46F8C59AFF1B0F9B28DED4F2300CD1DA5702"
deps = { std = "MoveStdlib", sui = "Sui", token = "token" }

[pinned.testnet.guardian]
source = { root = true }
use_environment = "testnet"
manifest_digest = "8094669488250F3E9308D3EB15B02CEE79896E75E8761EA70C0A7527E43FE330"
deps = { Pyth = "Pyth", deepbook = "deepbook", std = "MoveStdlib", sui = "Sui" }

[pinned.testnet.token]
source = { git = "https://github.com/MystenLabs/deepbookv3.git", subdir = "packages/token", rev = "e6da254cedc1f7c1adcec59b5c6edf907d513421" }
use_environment = "testnet"
manifest_digest = "5745706258F61D6CE210904B3E6AE87A73CE9D31A6F93BE4718C442529332A87"
deps = { std = "MoveStdlib", sui = "Sui" }
